{
  "name": "NodeJS_TestTerminal",
  "lockfileVersion": 2,
  "requires": true,
  "packages": {
    "": {
      "dependencies": {
        "keylogger.js": "^0.0.4",
        "mouse-position": "^2.1.0",
        "node-cursor": "^1.1.2",
        "node-mouse": "^0.0.2",
        "xinput-mouse-key-logger": "^1.0.1"
      }
    },
    "node_modules/bindings": {
      "version": "1.5.0",
      "resolved": "https://registry.npmjs.org/bindings/-/bindings-1.5.0.tgz",
      "integrity": "sha512-p2q/t/mhvuOj/UeLlV6566GD/guowlr0hHxClI0W9m7MWYkL1F0hLo+0Aexs9HSPCtR1SXQ0TD3MMKrXZajbiQ==",
      "dependencies": {
        "file-uri-to-path": "1.0.0"
      }
    },
    "node_modules/events": {
      "version": "1.1.1",
      "resolved": "https://registry.npmjs.org/events/-/events-1.1.1.tgz",
      "integrity": "sha512-kEcvvCBByWXGnZy6JUlgAp2gBIUjfCAV6P6TgT1/aaQKcmuAEC4OZTV1I4EWQLz2gxZw76atuVyvHhTxvi0Flw==",
      "engines": {
        "node": ">=0.4.x"
      }
    },
    "node_modules/file-uri-to-path": {
      "version": "1.0.0",
      "resolved": "https://registry.npmjs.org/file-uri-to-path/-/file-uri-to-path-1.0.0.tgz",
      "integrity": "sha512-0Zt+s3L7Vf1biwWZ29aARiVYLx7iMGnEUl9x33fbB/j3jR81u/O2LbqK+Bm1CDSNDKVtJ/YjwY7TUd5SkeLQLw=="
    },
    "node_modules/keylogger.js": {
      "version": "0.0.4",
      "resolved": "https://registry.npmjs.org/keylogger.js/-/keylogger.js-0.0.4.tgz",
      "integrity": "sha512-AgWl/o8mtTTgOMywIj5l+LRRvW2SuJDCl7YRNeM8xF7PrgULt6WgOHhHkFeXirSWnnRja6T9A4BnzTfGt1Ka7w==",
      "hasInstallScript": true,
      "dependencies": {
        "bindings": "^1.5.0",
        "node-addon-api": "^3.1.0"
      }
    },
    "node_modules/mouse-position": {
      "version": "2.1.0",
      "resolved": "https://registry.npmjs.org/mouse-position/-/mouse-position-2.1.0.tgz",
      "integrity": "sha512-Ra8/RFn9e9/D2v9syhF5bLo4yiWvqZzcC/5bHOvkixDAkvO3WhlWN2xQRHSirMoYk2bagIae2upXXwxTxzI3BQ==",
      "dependencies": {
        "events": "^1.0.1"
      }
    },
    "node_modules/node-addon-api": {
      "version": "3.2.1",
      "resolved": "https://registry.npmjs.org/node-addon-api/-/node-addon-api-3.2.1.tgz",
      "integrity": "sha512-mmcei9JghVNDYydghQmeDX8KoAm0FAiYyIcUt/N4nhyAipB17pllZQDOJD2fotxABnt4Mdz+dKTO7eftLg4d0A=="
    },
    "node_modules/node-cursor": {
      "version": "1.1.2",
      "resolved": "https://registry.npmjs.org/node-cursor/-/node-cursor-1.1.2.tgz",
      "integrity": "sha512-XnQnq64GLNoCEWvBGUoZuZ/aDqjUmJ1QXTe78tFANVjs2jLg3seUpDSrL32L2Urnskk+RLtKl+xZnNU1mByoig==",
      "hasInstallScript": true,
      "os": [
        "win32"
      ]
    },
    "node_modules/node-mouse": {
      "version": "0.0.2",
      "resolved": "https://registry.npmjs.org/node-mouse/-/node-mouse-0.0.2.tgz",
      "integrity": "sha512-qqm+c/uKB1ceGMrKW+mxAxPKFTu0HD1DWoCElJHA0VQDloudzZD4bI++Z18mSDA3n5lix+RTXiOiu3XAOSYVHA=="
    },
    "node_modules/xinput-mouse-key-logger": {
      "version": "1.0.1",
      "resolved": "https://registry.npmjs.org/xinput-mouse-key-logger/-/xinput-mouse-key-logger-1.0.1.tgz",
      "integrity": "sha512-oRgA7jAKlj7CI2X9Zss+j04UbROUKBQ8d5rVSGSB9hgDESLZ9xjzGrZMs7R02gkDlEJi1Pv0HEyLUswQBBJ8fQ=="
    }
  },
  "dependencies": {
    "bindings": {
      "version": "1.5.0",
      "resolved": "https://registry.npmjs.org/bindings/-/bindings-1.5.0.tgz",
      "integrity": "sha512-p2q/t/mhvuOj/UeLlV6566GD/guowlr0hHxClI0W9m7MWYkL1F0hLo+0Aexs9HSPCtR1SXQ0TD3MMKrXZajbiQ==",
      "requires": {
        "file-uri-to-path": "1.0.0"
      }
    },
    "events": {
      "version": "1.1.1",
      "resolved": "https://registry.npmjs.org/events/-/events-1.1.1.tgz",
      "integrity": "sha512-kEcvvCBByWXGnZy6JUlgAp2gBIUjfCAV6P6TgT1/aaQKcmuAEC4OZTV1I4EWQLz2gxZw76atuVyvHhTxvi0Flw=="
    },
    "file-uri-to-path": {
      "version": "1.0.0",
      "resolved": "https://registry.npmjs.org/file-uri-to-path/-/file-uri-to-path-1.0.0.tgz",
      "integrity": "sha512-0Zt+s3L7Vf1biwWZ29aARiVYLx7iMGnEUl9x33fbB/j3jR81u/O2LbqK+Bm1CDSNDKVtJ/YjwY7TUd5SkeLQLw=="
    },
    "keylogger.js": {
      "version": "0.0.4",
      "resolved": "https://registry.npmjs.org/keylogger.js/-/keylogger.js-0.0.4.tgz",
      "integrity": "sha512-AgWl/o8mtTTgOMywIj5l+LRRvW2SuJDCl7YRNeM8xF7PrgULt6WgOHhHkFeXirSWnnRja6T9A4BnzTfGt1Ka7w==",
      "requires": {
        "bindings": "^1.5.0",
        "node-addon-api": "^3.1.0"
      }
    },
    "mouse-position": {
      "version": "2.1.0",
      "resolved": "https://registry.npmjs.org/mouse-position/-/mouse-position-2.1.0.tgz",
      "integrity": "sha512-Ra8/RFn9e9/D2v9syhF5bLo4yiWvqZzcC/5bHOvkixDAkvO3WhlWN2xQRHSirMoYk2bagIae2upXXwxTxzI3BQ==",
      "requires": {
        "events": "^1.0.1"
      }
    },
    "node-addon-api": {
      "version": "3.2.1",
      "resolved": "https://registry.npmjs.org/node-addon-api/-/node-addon-api-3.2.1.tgz",
      "integrity": "sha512-mmcei9JghVNDYydghQmeDX8KoAm0FAiYyIcUt/N4nhyAipB17pllZQDOJD2fotxABnt4Mdz+dKTO7eftLg4d0A=="
    },
    "node-cursor": {
      "version": "1.1.2",
      "resolved": "https://registry.npmjs.org/node-cursor/-/node-cursor-1.1.2.tgz",
      "integrity": "sha512-XnQnq64GLNoCEWvBGUoZuZ/aDqjUmJ1QXTe78tFANVjs2jLg3seUpDSrL32L2Urnskk+RLtKl+xZnNU1mByoig=="
    },
    "node-mouse": {
      "version": "0.0.2",
      "resolved": "https://registry.npmjs.org/node-mouse/-/node-mouse-0.0.2.tgz",
      "integrity": "sha512-qqm+c/uKB1ceGMrKW+mxAxPKFTu0HD1DWoCElJHA0VQDloudzZD4bI++Z18mSDA3n5lix+RTXiOiu3XAOSYVHA=="
    },
    "xinput-mouse-key-logger": {
      "version": "1.0.1",
      "resolved": "https://registry.npmjs.org/xinput-mouse-key-logger/-/xinput-mouse-key-logger-1.0.1.tgz",
      "integrity": "sha512-oRgA7jAKlj7CI2X9Zss+j04UbROUKBQ8d5rVSGSB9hgDESLZ9xjzGrZMs7R02gkDlEJi1Pv0HEyLUswQBBJ8fQ=="
    }
  }
}
